
Microsoft Visual Studio Solution File, Format Version 12.00
# Visual Studio 15
VisualStudioVersion = 15.0.28307.168
MinimumVisualStudioVersion = 10.0.40219.1
Project("{FAE04EC0-301F-11D3-BF4B-00C04F79EFBC}") = "TAREAFINAL", "TAREAFINAL\TAREAFINAL.csproj", "{B921B906-DA4F-49B2-AB9C-546B9D7ADE88}"
EndProject
Global
	GlobalSection(SolutionConfigurationPlatforms) = preSolution
		Debug|Any CPU = Debug|Any CPU
		Release|Any CPU = Release|Any CPU
	EndGlobalSection
	GlobalSection(ProjectConfigurationPlatforms) = postSolution
		{B921B906-DA4F-49B2-AB9C-546B9D7ADE88}.Debug|Any CPU.ActiveCfg = Debug|Any CPU
		{B921B906-DA4F-49B2-AB9C-546B9D7ADE88}.Debug|Any CPU.Build.0 = Debug|Any CPU
		{B921B906-DA4F-49B2-AB9C-546B9D7ADE88}.Release|Any CPU.ActiveCfg = Release|Any CPU
		{B921B906-DA4F-49B2-AB9C-546B9D7ADE88}.Release|Any CPU.Build.0 = Release|Any CPU
	EndGlobalSection
	GlobalSection(SolutionProperties) = preSolution
		HideSolutionNode = FALSE
	EndGlobalSection
	GlobalSection(ExtensibilityGlobals) = postSolution
		SolutionGuid = {89E87678-F449-4806-9A2F-8B031EF0D543}
	EndGlobalSection
EndGlobal
